
Microsoft Visual Studio Solution File, Format Version 12.00
# Visual Studio 15
VisualStudioVersion = 15.0.27130.2026
MinimumVisualStudioVersion = 10.0.40219.1
Project("{2150E333-8FDC-42A3-9474-1A3956D46DE8}") = "Solution Items", "Solution Items", "{F2704BB2-F23E-45EA-8B12-3611F413F454}"
	ProjectSection(SolutionItems) = preProject
		..\appveyor_deploy.yml = ..\appveyor_deploy.yml
		..\appveyor_prbuilds.yml = ..\appveyor_prbuilds.yml
		Aquarius.FieldDataFramework.nuspec = Aquarius.FieldDataFramework.nuspec
		..\Readme.md = ..\Readme.md
		..\ReleaseNotes.md = ..\ReleaseNotes.md
	EndProjectSection
EndProject
Project("{FAE04EC0-301F-11D3-BF4B-00C04F79EFBC}") = "PluginTester", "PluginTester\PluginTester.csproj", "{C429E4A0-DD6D-4701-93FF-ECDB2B59C2CD}"
EndProject
Project("{FAE04EC0-301F-11D3-BF4B-00C04F79EFBC}") = "FieldDataPluginTool", "FieldDataPluginTool\FieldDataPluginTool.csproj", "{1C67C5D9-CC6F-474C-AB8E-B8A282AABA68}"
EndProject
Project("{FAE04EC0-301F-11D3-BF4B-00C04F79EFBC}") = "PluginPackager", "PluginPackager\PluginPackager.csproj", "{7D0E92B1-FF3C-4A29-A4B5-89ACD0A5532E}"
EndProject
Project("{2150E333-8FDC-42A3-9474-1A3956D46DE8}") = "docs", "docs", "{E70F15C8-4926-4851-97FD-C8EDC38F8803}"
	ProjectSection(SolutionItems) = preProject
		..\docs\Readme.md = ..\docs\Readme.md
	EndProjectSection
EndProject
Project("{FAE04EC0-301F-11D3-BF4B-00C04F79EFBC}") = "JsonFieldData", "JsonFieldData\JsonFieldData.csproj", "{C0F13B0D-0120-4A6C-BD39-147C4AFCC436}"
	ProjectSection(ProjectDependencies) = postProject
		{C429E4A0-DD6D-4701-93FF-ECDB2B59C2CD} = {C429E4A0-DD6D-4701-93FF-ECDB2B59C2CD}
		{7D0E92B1-FF3C-4A29-A4B5-89ACD0A5532E} = {7D0E92B1-FF3C-4A29-A4B5-89ACD0A5532E}
	EndProjectSection
EndProject
Project("{FAE04EC0-301F-11D3-BF4B-00C04F79EFBC}") = "FieldDataPluginFramework.Serialization", "FieldDataPluginFramework.Serialization\FieldDataPluginFramework.Serialization.csproj", "{B7F9D2AC-0AD5-4435-B3A6-E5E6B4C4877D}"
EndProject
Project("{FAE04EC0-301F-11D3-BF4B-00C04F79EFBC}") = "FieldDataPluginFramework.Serialization.UnitTests", "FieldDataPluginFramework.Serialization.UnitTests\FieldDataPluginFramework.Serialization.UnitTests.csproj", "{432C6A68-EC05-41F2-B34A-57B537D5C868}"
EndProject
Project("{FAE04EC0-301F-11D3-BF4B-00C04F79EFBC}") = "FieldVisitHotFolderService", "FieldVisitHotFolderService\FieldVisitHotFolderService.csproj", "{E969F2EE-FD40-4387-A3B0-2C61B96D8F4F}"
EndProject
Project("{FAE04EC0-301F-11D3-BF4B-00C04F79EFBC}") = "Common", "Common\Common.csproj", "{3C14AFF1-F815-4BE1-8072-E510917D04E4}"
EndProject
Project("{FAE04EC0-301F-11D3-BF4B-00C04F79EFBC}") = "MultiFile", "MultiFile\MultiFile.csproj", "{42F7C57D-988D-420F-9497-B7AE3D922CA4}"
	ProjectSection(ProjectDependencies) = postProject
		{C429E4A0-DD6D-4701-93FF-ECDB2B59C2CD} = {C429E4A0-DD6D-4701-93FF-ECDB2B59C2CD}
		{7D0E92B1-FF3C-4A29-A4B5-89ACD0A5532E} = {7D0E92B1-FF3C-4A29-A4B5-89ACD0A5532E}
	EndProjectSection
EndProject
Global
	GlobalSection(SolutionConfigurationPlatforms) = preSolution
		Debug|Any CPU = Debug|Any CPU
		Release|Any CPU = Release|Any CPU
	EndGlobalSection
	GlobalSection(ProjectConfigurationPlatforms) = postSolution
		{C429E4A0-DD6D-4701-93FF-ECDB2B59C2CD}.Debug|Any CPU.ActiveCfg = Debug|Any CPU
		{C429E4A0-DD6D-4701-93FF-ECDB2B59C2CD}.Debug|Any CPU.Build.0 = Debug|Any CPU
		{C429E4A0-DD6D-4701-93FF-ECDB2B59C2CD}.Release|Any CPU.ActiveCfg = Release|Any CPU
		{C429E4A0-DD6D-4701-93FF-ECDB2B59C2CD}.Release|Any CPU.Build.0 = Release|Any CPU
		{1C67C5D9-CC6F-474C-AB8E-B8A282AABA68}.Debug|Any CPU.ActiveCfg = Debug|Any CPU
		{1C67C5D9-CC6F-474C-AB8E-B8A282AABA68}.Debug|Any CPU.Build.0 = Debug|Any CPU
		{1C67C5D9-CC6F-474C-AB8E-B8A282AABA68}.Release|Any CPU.ActiveCfg = Release|Any CPU
		{1C67C5D9-CC6F-474C-AB8E-B8A282AABA68}.Release|Any CPU.Build.0 = Release|Any CPU
		{7D0E92B1-FF3C-4A29-A4B5-89ACD0A5532E}.Debug|Any CPU.ActiveCfg = Debug|Any CPU
		{7D0E92B1-FF3C-4A29-A4B5-89ACD0A5532E}.Debug|Any CPU.Build.0 = Debug|Any CPU
		{7D0E92B1-FF3C-4A29-A4B5-89ACD0A5532E}.Release|Any CPU.ActiveCfg = Release|Any CPU
		{7D0E92B1-FF3C-4A29-A4B5-89ACD0A5532E}.Release|Any CPU.Build.0 = Release|Any CPU
		{C0F13B0D-0120-4A6C-BD39-147C4AFCC436}.Debug|Any CPU.ActiveCfg = Debug|Any CPU
		{C0F13B0D-0120-4A6C-BD39-147C4AFCC436}.Debug|Any CPU.Build.0 = Debug|Any CPU
		{C0F13B0D-0120-4A6C-BD39-147C4AFCC436}.Release|Any CPU.ActiveCfg = Release|Any CPU
		{C0F13B0D-0120-4A6C-BD39-147C4AFCC436}.Release|Any CPU.Build.0 = Release|Any CPU
		{B7F9D2AC-0AD5-4435-B3A6-E5E6B4C4877D}.Debug|Any CPU.ActiveCfg = Debug|Any CPU
		{B7F9D2AC-0AD5-4435-B3A6-E5E6B4C4877D}.Debug|Any CPU.Build.0 = Debug|Any CPU
		{B7F9D2AC-0AD5-4435-B3A6-E5E6B4C4877D}.Release|Any CPU.ActiveCfg = Release|Any CPU
		{B7F9D2AC-0AD5-4435-B3A6-E5E6B4C4877D}.Release|Any CPU.Build.0 = Release|Any CPU
		{432C6A68-EC05-41F2-B34A-57B537D5C868}.Debug|Any CPU.ActiveCfg = Debug|Any CPU
		{432C6A68-EC05-41F2-B34A-57B537D5C868}.Debug|Any CPU.Build.0 = Debug|Any CPU
		{432C6A68-EC05-41F2-B34A-57B537D5C868}.Release|Any CPU.ActiveCfg = Release|Any CPU
		{432C6A68-EC05-41F2-B34A-57B537D5C868}.Release|Any CPU.Build.0 = Release|Any CPU
		{E969F2EE-FD40-4387-A3B0-2C61B96D8F4F}.Debug|Any CPU.ActiveCfg = Debug|Any CPU
		{E969F2EE-FD40-4387-A3B0-2C61B96D8F4F}.Debug|Any CPU.Build.0 = Debug|Any CPU
		{E969F2EE-FD40-4387-A3B0-2C61B96D8F4F}.Release|Any CPU.ActiveCfg = Release|Any CPU
		{E969F2EE-FD40-4387-A3B0-2C61B96D8F4F}.Release|Any CPU.Build.0 = Release|Any CPU
		{3C14AFF1-F815-4BE1-8072-E510917D04E4}.Debug|Any CPU.ActiveCfg = Debug|Any CPU
		{3C14AFF1-F815-4BE1-8072-E510917D04E4}.Debug|Any CPU.Build.0 = Debug|Any CPU
		{3C14AFF1-F815-4BE1-8072-E510917D04E4}.Release|Any CPU.ActiveCfg = Release|Any CPU
		{3C14AFF1-F815-4BE1-8072-E510917D04E4}.Release|Any CPU.Build.0 = Release|Any CPU
		{42F7C57D-988D-420F-9497-B7AE3D922CA4}.Debug|Any CPU.ActiveCfg = Debug|Any CPU
		{42F7C57D-988D-420F-9497-B7AE3D922CA4}.Debug|Any CPU.Build.0 = Debug|Any CPU
		{42F7C57D-988D-420F-9497-B7AE3D922CA4}.Release|Any CPU.ActiveCfg = Release|Any CPU
		{42F7C57D-988D-420F-9497-B7AE3D922CA4}.Release|Any CPU.Build.0 = Release|Any CPU
	EndGlobalSection
	GlobalSection(SolutionProperties) = preSolution
		HideSolutionNode = FALSE
	EndGlobalSection
	GlobalSection(NestedProjects) = preSolution
		{E70F15C8-4926-4851-97FD-C8EDC38F8803} = {F2704BB2-F23E-45EA-8B12-3611F413F454}
	EndGlobalSection
	GlobalSection(ExtensibilityGlobals) = postSolution
		SolutionGuid = {1BFE59B2-DBB4-48D9-A511-4B473C7C9F10}
	EndGlobalSection
EndGlobal
